
Microsoft Visual Studio Solution File, Format Version 12.00
Project("{FAE04EC0-301F-11D3-BF4B-00C04F79EFBC}") = "DordzhievaDarinaBIVT-25-11-blue", "DordzhievaDarinaBIVT-25-11-blue\DordzhievaDarinaBIVT-25-11-blue.csproj", "{2C21B040-585B-428F-A34D-234B5D00D9DD}"
EndProject
Global
	GlobalSection(SolutionConfigurationPlatforms) = preSolution
		Debug|Any CPU = Debug|Any CPU
		Release|Any CPU = Release|Any CPU
	EndGlobalSection
	GlobalSection(ProjectConfigurationPlatforms) = postSolution
		{2C21B040-585B-428F-A34D-234B5D00D9DD}.Debug|Any CPU.ActiveCfg = Debug|Any CPU
		{2C21B040-585B-428F-A34D-234B5D00D9DD}.Debug|Any CPU.Build.0 = Debug|Any CPU
		{2C21B040-585B-428F-A34D-234B5D00D9DD}.Release|Any CPU.ActiveCfg = Release|Any CPU
		{2C21B040-585B-428F-A34D-234B5D00D9DD}.Release|Any CPU.Build.0 = Release|Any CPU
	EndGlobalSection
EndGlobal
